
Microsoft Visual Studio Solution File, Format Version 12.00
# Visual Studio Version 17
VisualStudioVersion = 17.3.32929.385
MinimumVisualStudioVersion = 10.0.40219.1
Project("{FAE04EC0-301F-11D3-BF4B-00C04F79EFBC}") = "Real Engine", "Game Engine\Real Engine.csproj", "{8793B1ED-0835-4C4C-BFA4-2EDE9143F2BE}"
EndProject
Global
	GlobalSection(SolutionConfigurationPlatforms) = preSolution
		Debug|Any CPU = Debug|Any CPU
		Release|Any CPU = Release|Any CPU
	EndGlobalSection
	GlobalSection(ProjectConfigurationPlatforms) = postSolution
		{8793B1ED-0835-4C4C-BFA4-2EDE9143F2BE}.Debug|Any CPU.ActiveCfg = Debug|Any CPU
		{8793B1ED-0835-4C4C-BFA4-2EDE9143F2BE}.Debug|Any CPU.Build.0 = Debug|Any CPU
		{8793B1ED-0835-4C4C-BFA4-2EDE9143F2BE}.Release|Any CPU.ActiveCfg = Release|Any CPU
		{8793B1ED-0835-4C4C-BFA4-2EDE9143F2BE}.Release|Any CPU.Build.0 = Release|Any CPU
	EndGlobalSection
	GlobalSection(SolutionProperties) = preSolution
		HideSolutionNode = FALSE
	EndGlobalSection
	GlobalSection(ExtensibilityGlobals) = postSolution
		SolutionGuid = {701298A3-9218-4542-A371-EC58B67FA012}
	EndGlobalSection
EndGlobal
